
Microsoft Visual Studio Solution File, Format Version 12.00
# Visual Studio 14
VisualStudioVersion = 14.0.25420.1
MinimumVisualStudioVersion = 10.0.40219.1
Project("{E24C65DC-7377-472B-9ABA-BC803B73C61A}") = "tsllog", "tsllog\", "{7349F488-E0A7-4FF5-886E-B42DBD0826B2}"
	ProjectSection(WebsiteProperties) = preProject
		TargetFrameworkMoniker = ".NETFramework,Version%3Dv4.5"
		Debug.AspNetCompiler.VirtualPath = "/localhost_50305"
		Debug.AspNetCompiler.PhysicalPath = "D:\GitHub\tsllog1806\tsllog\"
		Debug.AspNetCompiler.TargetPath = "PrecompiledWeb\localhost_50305\"
		Debug.AspNetCompiler.Updateable = "true"
		Debug.AspNetCompiler.ForceOverwrite = "true"
		Debug.AspNetCompiler.FixedNames = "false"
		Debug.AspNetCompiler.Debug = "True"
		Release.AspNetCompiler.VirtualPath = "/localhost_50305"
		Release.AspNetCompiler.PhysicalPath = "D:\GitHub\tsllog1806\tsllog\"
		Release.AspNetCompiler.TargetPath = "PrecompiledWeb\localhost_50305\"
		Release.AspNetCompiler.Updateable = "true"
		Release.AspNetCompiler.ForceOverwrite = "true"
		Release.AspNetCompiler.FixedNames = "false"
		Release.AspNetCompiler.Debug = "False"
		VWDPort = "50305"
	EndProjectSection
EndProject
Global
	GlobalSection(SolutionConfigurationPlatforms) = preSolution
		Debug|Any CPU = Debug|Any CPU
	EndGlobalSection
	GlobalSection(ProjectConfigurationPlatforms) = postSolution
		{7349F488-E0A7-4FF5-886E-B42DBD0826B2}.Debug|Any CPU.ActiveCfg = Debug|Any CPU
		{7349F488-E0A7-4FF5-886E-B42DBD0826B2}.Debug|Any CPU.Build.0 = Debug|Any CPU
	EndGlobalSection
	GlobalSection(SolutionProperties) = preSolution
		HideSolutionNode = FALSE
	EndGlobalSection
EndGlobal
